
Microsoft Visual Studio Solution File, Format Version 12.00
# Visual Studio Version 16
VisualStudioVersion = 16.0.32630.194
MinimumVisualStudioVersion = 10.0.40219.1
Project("{FAE04EC0-301F-11D3-BF4B-00C04F79EFBC}") = "Old_West_Bank", "Old_West_Bank.csproj", "{FC1124FB-D277-44EC-9EFC-AA4FA2371988}"
EndProject
Global
	GlobalSection(SolutionConfigurationPlatforms) = preSolution
		Debug|Any CPU = Debug|Any CPU
		Release|Any CPU = Release|Any CPU
	EndGlobalSection
	GlobalSection(ProjectConfigurationPlatforms) = postSolution
		{FC1124FB-D277-44EC-9EFC-AA4FA2371988}.Debug|Any CPU.ActiveCfg = Debug|Any CPU
		{FC1124FB-D277-44EC-9EFC-AA4FA2371988}.Debug|Any CPU.Build.0 = Debug|Any CPU
		{FC1124FB-D277-44EC-9EFC-AA4FA2371988}.Release|Any CPU.ActiveCfg = Release|Any CPU
		{FC1124FB-D277-44EC-9EFC-AA4FA2371988}.Release|Any CPU.Build.0 = Release|Any CPU
	EndGlobalSection
	GlobalSection(SolutionProperties) = preSolution
		HideSolutionNode = FALSE
	EndGlobalSection
	GlobalSection(ExtensibilityGlobals) = postSolution
		SolutionGuid = {730D7A14-E74C-468A-935B-69DB6CF63398}
	EndGlobalSection
EndGlobal
